
Microsoft Visual Studio Solution File, Format Version 12.00
# Visual Studio Version 17
VisualStudioVersion = 17.8.34511.84
MinimumVisualStudioVersion = 10.0.40219.1
Project("{9A19103F-16F7-4668-BE54-9A1E7A4F7556}") = "iPractice.Api", "iPractice.Api\iPractice.Api.csproj", "{DFFEEE47-3EDD-46E9-93A1-0B0C4DA0C83D}"
EndProject
Project("{9A19103F-16F7-4668-BE54-9A1E7A4F7556}") = "iPractice.DataAccess", "iPractice.DataAccess\iPractice.DataAccess.csproj", "{4D1473E5-E85B-4B90-ABD3-6D779675D535}"
EndProject
Project("{9A19103F-16F7-4668-BE54-9A1E7A4F7556}") = "iPractice.IntegrationTests", "iPractice.IntegrationTests\iPractice.IntegrationTests.csproj", "{C2B8A37A-C1E9-4717-8D1D-BF06AE082E09}"
EndProject
Project("{9A19103F-16F7-4668-BE54-9A1E7A4F7556}") = "iPractice.Domain", "iPractice.Domain\iPractice.Domain.csproj", "{8EE9F3BC-ED7F-41C0-B04B-DA9F3F86E7D7}"
EndProject
Project("{FAE04EC0-301F-11D3-BF4B-00C04F79EFBC}") = "iPractice.Contracts", "iPractice.Contracts\iPractice.Contracts.csproj", "{5D6BD7D3-CB94-4964-B03D-40CA25E7C09F}"
EndProject
Global
	GlobalSection(SolutionConfigurationPlatforms) = preSolution
		Debug|Any CPU = Debug|Any CPU
		Release|Any CPU = Release|Any CPU
	EndGlobalSection
	GlobalSection(ProjectConfigurationPlatforms) = postSolution
		{DFFEEE47-3EDD-46E9-93A1-0B0C4DA0C83D}.Debug|Any CPU.ActiveCfg = Debug|Any CPU
		{DFFEEE47-3EDD-46E9-93A1-0B0C4DA0C83D}.Debug|Any CPU.Build.0 = Debug|Any CPU
		{DFFEEE47-3EDD-46E9-93A1-0B0C4DA0C83D}.Release|Any CPU.ActiveCfg = Release|Any CPU
		{DFFEEE47-3EDD-46E9-93A1-0B0C4DA0C83D}.Release|Any CPU.Build.0 = Release|Any CPU
		{4D1473E5-E85B-4B90-ABD3-6D779675D535}.Debug|Any CPU.ActiveCfg = Debug|Any CPU
		{4D1473E5-E85B-4B90-ABD3-6D779675D535}.Debug|Any CPU.Build.0 = Debug|Any CPU
		{4D1473E5-E85B-4B90-ABD3-6D779675D535}.Release|Any CPU.ActiveCfg = Release|Any CPU
		{4D1473E5-E85B-4B90-ABD3-6D779675D535}.Release|Any CPU.Build.0 = Release|Any CPU
		{C2B8A37A-C1E9-4717-8D1D-BF06AE082E09}.Debug|Any CPU.ActiveCfg = Debug|Any CPU
		{C2B8A37A-C1E9-4717-8D1D-BF06AE082E09}.Debug|Any CPU.Build.0 = Debug|Any CPU
		{C2B8A37A-C1E9-4717-8D1D-BF06AE082E09}.Release|Any CPU.ActiveCfg = Release|Any CPU
		{C2B8A37A-C1E9-4717-8D1D-BF06AE082E09}.Release|Any CPU.Build.0 = Release|Any CPU
		{8EE9F3BC-ED7F-41C0-B04B-DA9F3F86E7D7}.Debug|Any CPU.ActiveCfg = Debug|Any CPU
		{8EE9F3BC-ED7F-41C0-B04B-DA9F3F86E7D7}.Debug|Any CPU.Build.0 = Debug|Any CPU
		{8EE9F3BC-ED7F-41C0-B04B-DA9F3F86E7D7}.Release|Any CPU.ActiveCfg = Release|Any CPU
		{8EE9F3BC-ED7F-41C0-B04B-DA9F3F86E7D7}.Release|Any CPU.Build.0 = Release|Any CPU
		{5D6BD7D3-CB94-4964-B03D-40CA25E7C09F}.Debug|Any CPU.ActiveCfg = Debug|Any CPU
		{5D6BD7D3-CB94-4964-B03D-40CA25E7C09F}.Debug|Any CPU.Build.0 = Debug|Any CPU
		{5D6BD7D3-CB94-4964-B03D-40CA25E7C09F}.Release|Any CPU.ActiveCfg = Release|Any CPU
		{5D6BD7D3-CB94-4964-B03D-40CA25E7C09F}.Release|Any CPU.Build.0 = Release|Any CPU
	EndGlobalSection
	GlobalSection(SolutionProperties) = preSolution
		HideSolutionNode = FALSE
	EndGlobalSection
	GlobalSection(ExtensibilityGlobals) = postSolution
		SolutionGuid = {16425CC0-B985-4B79-AEB1-2FF36435E51E}
	EndGlobalSection
EndGlobal
